
Microsoft Visual Studio Solution File, Format Version 12.00
# Visual Studio Version 17
VisualStudioVersion = 17.10.34607.79
MinimumVisualStudioVersion = 10.0.40219.1
Project("{9A19103F-16F7-4668-BE54-9A1E7A4F7556}") = "Domain", "Domain\Domain.csproj", "{2AB27B1D-4862-4391-BF8F-A210F192D42C}"
EndProject
Project("{9A19103F-16F7-4668-BE54-9A1E7A4F7556}") = "Core", "Core\Core.csproj", "{A050C435-31C1-4ABB-BF66-F4C3BD4EE04E}"
EndProject
Project("{9A19103F-16F7-4668-BE54-9A1E7A4F7556}") = "Persistence", "Persistence\Persistence.csproj", "{E9490698-74CC-47A8-A2AA-65BB0647A95A}"
EndProject
Project("{9A19103F-16F7-4668-BE54-9A1E7A4F7556}") = "WebAPI", "WebAPI\WebAPI.csproj", "{B7CF31F6-9853-4729-A28E-1018A4E5EA02}"
EndProject
Project("{FAE04EC0-301F-11D3-BF4B-00C04F79EFBC}") = "Application", "Application\Application.csproj", "{4716B36D-BEE9-4472-A7FC-D8982C810492}"
EndProject
Global
	GlobalSection(SolutionConfigurationPlatforms) = preSolution
		Debug|Any CPU = Debug|Any CPU
		Release|Any CPU = Release|Any CPU
	EndGlobalSection
	GlobalSection(ProjectConfigurationPlatforms) = postSolution
		{2AB27B1D-4862-4391-BF8F-A210F192D42C}.Debug|Any CPU.ActiveCfg = Debug|Any CPU
		{2AB27B1D-4862-4391-BF8F-A210F192D42C}.Debug|Any CPU.Build.0 = Debug|Any CPU
		{2AB27B1D-4862-4391-BF8F-A210F192D42C}.Release|Any CPU.ActiveCfg = Release|Any CPU
		{2AB27B1D-4862-4391-BF8F-A210F192D42C}.Release|Any CPU.Build.0 = Release|Any CPU
		{A050C435-31C1-4ABB-BF66-F4C3BD4EE04E}.Debug|Any CPU.ActiveCfg = Debug|Any CPU
		{A050C435-31C1-4ABB-BF66-F4C3BD4EE04E}.Debug|Any CPU.Build.0 = Debug|Any CPU
		{A050C435-31C1-4ABB-BF66-F4C3BD4EE04E}.Release|Any CPU.ActiveCfg = Release|Any CPU
		{A050C435-31C1-4ABB-BF66-F4C3BD4EE04E}.Release|Any CPU.Build.0 = Release|Any CPU
		{E9490698-74CC-47A8-A2AA-65BB0647A95A}.Debug|Any CPU.ActiveCfg = Debug|Any CPU
		{E9490698-74CC-47A8-A2AA-65BB0647A95A}.Debug|Any CPU.Build.0 = Debug|Any CPU
		{E9490698-74CC-47A8-A2AA-65BB0647A95A}.Release|Any CPU.ActiveCfg = Release|Any CPU
		{E9490698-74CC-47A8-A2AA-65BB0647A95A}.Release|Any CPU.Build.0 = Release|Any CPU
		{B7CF31F6-9853-4729-A28E-1018A4E5EA02}.Debug|Any CPU.ActiveCfg = Debug|Any CPU
		{B7CF31F6-9853-4729-A28E-1018A4E5EA02}.Debug|Any CPU.Build.0 = Debug|Any CPU
		{B7CF31F6-9853-4729-A28E-1018A4E5EA02}.Release|Any CPU.ActiveCfg = Release|Any CPU
		{B7CF31F6-9853-4729-A28E-1018A4E5EA02}.Release|Any CPU.Build.0 = Release|Any CPU
		{4716B36D-BEE9-4472-A7FC-D8982C810492}.Debug|Any CPU.ActiveCfg = Debug|Any CPU
		{4716B36D-BEE9-4472-A7FC-D8982C810492}.Debug|Any CPU.Build.0 = Debug|Any CPU
		{4716B36D-BEE9-4472-A7FC-D8982C810492}.Release|Any CPU.ActiveCfg = Release|Any CPU
		{4716B36D-BEE9-4472-A7FC-D8982C810492}.Release|Any CPU.Build.0 = Release|Any CPU
	EndGlobalSection
	GlobalSection(SolutionProperties) = preSolution
		HideSolutionNode = FALSE
	EndGlobalSection
	GlobalSection(ExtensibilityGlobals) = postSolution
		SolutionGuid = {E0A670C6-E3D4-4678-96FC-EC87AD24A2F1}
	EndGlobalSection
EndGlobal
